
Microsoft Visual Studio Solution File, Format Version 12.00
# Visual Studio Version 17
VisualStudioVersion = 17.13.35825.156 d17.13
MinimumVisualStudioVersion = 10.0.40219.1
Project("{FAE04EC0-301F-11D3-BF4B-00C04F79EFBC}") = "CareBookingAPIs", "CareBookingAPIs\CareBookingAPIs.csproj", "{FA59B89B-4049-4530-A91D-3B8CF7649334}"
EndProject
Global
	GlobalSection(SolutionConfigurationPlatforms) = preSolution
		Debug|Any CPU = Debug|Any CPU
		Release|Any CPU = Release|Any CPU
	EndGlobalSection
	GlobalSection(ProjectConfigurationPlatforms) = postSolution
		{FA59B89B-4049-4530-A91D-3B8CF7649334}.Debug|Any CPU.ActiveCfg = Debug|Any CPU
		{FA59B89B-4049-4530-A91D-3B8CF7649334}.Debug|Any CPU.Build.0 = Debug|Any CPU
		{FA59B89B-4049-4530-A91D-3B8CF7649334}.Release|Any CPU.ActiveCfg = Release|Any CPU
		{FA59B89B-4049-4530-A91D-3B8CF7649334}.Release|Any CPU.Build.0 = Release|Any CPU
	EndGlobalSection
	GlobalSection(SolutionProperties) = preSolution
		HideSolutionNode = FALSE
	EndGlobalSection
	GlobalSection(ExtensibilityGlobals) = postSolution
		SolutionGuid = {C0800D22-692D-472D-80F1-9B4AA4EBF5EE}
	EndGlobalSection
EndGlobal
